PODS:
  - Alamofire (4.7.3)
  - FeedKit (8.1.1)
  - Realm (3.21.0):
    - Realm/Headers (= 3.21.0)
  - Realm/Headers (3.21.0)
  - RealmSwift (3.21.0):
    - Realm (= 3.21.0)
  - SDWebImage (4.4.8):
    - SDWebImage/Core (= 4.4.8)
  - SDWebImage/Core (4.4.8)

DEPENDENCIES:
  - Alamofire (~> 4.7.3)
  - FeedKit (~> 8.0)
  - RealmSwift (~> 3.20)
  - SDWebImage (~> 4.4.2)

SPEC REPOS:
  trunk:
    - Alamofire
    - FeedKit
    - Realm
    - RealmSwift
    - SDWebImage

SPEC CHECKSUMS:
  Alamofire: c7287b6e5d7da964a70935e5db17046b7fde6568
  FeedKit: 3418eed25f0b493b205b4de1b8511ac21d413fa9
  Realm: 38e9dcb19104b58407167d99f70d4995f7c16023
  RealmSwift: 3183cc1ad48378fbcd634311b22c0e6c44021152
  SDWebImage: 783af2c3fa36291a250030c4752ee370a9a51d13

PODFILE CHECKSUM: 74ac55b5519885d89d076fe98419a9767846cd17

COCOAPODS: 1.8.4
