// !$*UTF8*$!
{
	archiveVersion = 1;
	classes = {
	};
	objectVersion = 48;
	objects = {

/* Begin PBXBuildFile section */
		842515802A7849A3E5A3AF52 /* Pods_Podcast.framework in Frameworks */ = {isa = PBXBuildFile; fileRef = 3B980C20832697C4A15EECF9 /* Pods_Podcast.framework */; };
		D902B84C2030EF800031B6F1 /* RequestManager.swift in Sources */ = {isa = PBXBuildFile; fileRef = D902B84B2030EF800031B6F1 /* RequestManager.swift */; };
		D902B84E2030F0240031B6F1 /* iTunesClient.swift in Sources */ = {isa = PBXBuildFile; fileRef = D902B84D2030F0230031B6F1 /* iTunesClient.swift */; };
		D902B8502030F0A70031B6F1 /* RequestManager+Constants.swift in Sources */ = {isa = PBXBuildFile; fileRef = D902B84F2030F0A70031B6F1 /* RequestManager+Constants.swift */; };
		D902B8532030FE200031B6F1 /* Podcast.swift in Sources */ = {isa = PBXBuildFile; fileRef = D902B8522030FE200031B6F1 /* Podcast.swift */; };
		D902B8752031046A0031B6F1 /* GCDBlackBox.swift in Sources */ = {isa = PBXBuildFile; fileRef = D902B8742031046A0031B6F1 /* GCDBlackBox.swift */; };
		D902B87820313B1F0031B6F1 /* PodcastDetailViewController.swift in Sources */ = {isa = PBXBuildFile; fileRef = D902B87720313B1F0031B6F1 /* PodcastDetailViewController.swift */; };
		D908546D20D09A8E00EDD3B2 /* PodcastColumnFlowLayout.swift in Sources */ = {isa = PBXBuildFile; fileRef = D908546C20D09A8E00EDD3B2 /* PodcastColumnFlowLayout.swift */; };
		D908546F20D09DE100EDD3B2 /* SubscriptionPillCell.swift in Sources */ = {isa = PBXBuildFile; fileRef = D908546E20D09DE100EDD3B2 /* SubscriptionPillCell.swift */; };
		D93E42CC20327995003B85EB /* RealmDBController.swift in Sources */ = {isa = PBXBuildFile; fileRef = D93E42CB20327995003B85EB /* RealmDBController.swift */; };
		D94543322048DC2600B8F585 /* MediaPlayer.swift in Sources */ = {isa = PBXBuildFile; fileRef = D94543312048DC2600B8F585 /* MediaPlayer.swift */; };
		D949BE622033B683003D5989 /* PodcastCell.swift in Sources */ = {isa = PBXBuildFile; fileRef = D949BE612033B683003D5989 /* PodcastCell.swift */; };
		D949BE652033B77E003D5989 /* NSData+imageFormat.swift in Sources */ = {isa = PBXBuildFile; fileRef = D949BE642033B77E003D5989 /* NSData+imageFormat.swift */; };
		D956EB9C209E2DEA00DCA0C7 /* AudioPlayer.swift in Sources */ = {isa = PBXBuildFile; fileRef = D956EB9B209E2DEA00DCA0C7 /* AudioPlayer.swift */; };
		D95D25DC203CFB75004F511C /* Constants.swift in Sources */ = {isa = PBXBuildFile; fileRef = D95D25DB203CFB75004F511C /* Constants.swift */; };
		D95D25DE203D055D004F511C /* EpisodeDetailViewController.swift in Sources */ = {isa = PBXBuildFile; fileRef = D95D25DD203D055D004F511C /* EpisodeDetailViewController.swift */; };
		D9693B81208255DC002737ED /* TypingThrottler.swift in Sources */ = {isa = PBXBuildFile; fileRef = D9693B80208255DC002737ED /* TypingThrottler.swift */; };
		D9693B832083FA5A002737ED /* Downloader.swift in Sources */ = {isa = PBXBuildFile; fileRef = D9693B822083FA5A002737ED /* Downloader.swift */; };
		D9693B852083FFBF002737ED /* String+URL.swift in Sources */ = {isa = PBXBuildFile; fileRef = D9693B842083FFBF002737ED /* String+URL.swift */; };
		D96F63EA20C6C4AF00EC21BF /* ActionViewController.swift in Sources */ = {isa = PBXBuildFile; fileRef = D96F63E920C6C4AF00EC21BF /* ActionViewController.swift */; };
		D96F63ED20C6C4AF00EC21BF /* MainInterface.storyboard in Resources */ = {isa = PBXBuildFile; fileRef = D96F63EB20C6C4AF00EC21BF /* MainInterface.storyboard */; };
		D96F63F120C6C4AF00EC21BF /* TestAction.appex in Embed App Extensions */ = {isa = PBXBuildFile; fileRef = D96F63E720C6C4AF00EC21BF /* TestAction.appex */; settings = {ATTRIBUTES = (RemoveHeadersOnCopy, ); }; };
		D97F5BA42030EAC1004506B1 /* AppDelegate.swift in Sources */ = {isa = PBXBuildFile; fileRef = D97F5BA32030EAC1004506B1 /* AppDelegate.swift */; };
		D97F5BA62030EAC1004506B1 /* SubscriptionView.swift in Sources */ = {isa = PBXBuildFile; fileRef = D97F5BA52030EAC1004506B1 /* SubscriptionView.swift */; };
		D97F5BA92030EAC1004506B1 /* Main.storyboard in Resources */ = {isa = PBXBuildFile; fileRef = D97F5BA72030EAC1004506B1 /* Main.storyboard */; };
		D97F5BAB2030EAC1004506B1 /* Assets.xcassets in Resources */ = {isa = PBXBuildFile; fileRef = D97F5BAA2030EAC1004506B1 /* Assets.xcassets */; };
		D97F5BAE2030EAC1004506B1 /* LaunchScreen.storyboard in Resources */ = {isa = PBXBuildFile; fileRef = D97F5BAC2030EAC1004506B1 /* LaunchScreen.storyboard */; };
		D97F5BB62030EC34004506B1 /* SearchViewController.swift in Sources */ = {isa = PBXBuildFile; fileRef = D97F5BB52030EC34004506B1 /* SearchViewController.swift */; };
		D999B5AA20D584F900E20076 /* SubscriptionArtCell.swift in Sources */ = {isa = PBXBuildFile; fileRef = D999B5A920D584F900E20076 /* SubscriptionArtCell.swift */; };
		D999B5AC20D5853F00E20076 /* SubscriptionBaseCell.swift in Sources */ = {isa = PBXBuildFile; fileRef = D999B5AB20D5853F00E20076 /* SubscriptionBaseCell.swift */; };
		D999B5AF20D5DCEA00E20076 /* MiniBarPlayerViewController.swift in Sources */ = {isa = PBXBuildFile; fileRef = D999B5AE20D5DCEA00E20076 /* MiniBarPlayerViewController.swift */; };
		D999B5B120D5E4C600E20076 /* CALayer+Border.swift in Sources */ = {isa = PBXBuildFile; fileRef = D999B5B020D5E4C600E20076 /* CALayer+Border.swift */; };
		D999B5B320D5E65400E20076 /* ImageView+Style.swift in Sources */ = {isa = PBXBuildFile; fileRef = D999B5B220D5E65400E20076 /* ImageView+Style.swift */; };
		D9A3993620A1216C00766127 /* AVPlayer+TimeProvider.swift in Sources */ = {isa = PBXBuildFile; fileRef = D9A3993520A1216C00766127 /* AVPlayer+TimeProvider.swift */; };
		D9D17A8D20366E37005FD6F1 /* Episode.swift in Sources */ = {isa = PBXBuildFile; fileRef = D9D17A8C20366E37005FD6F1 /* Episode.swift */; };
		D9D17A9020367116005FD6F1 /* FeedManager.swift in Sources */ = {isa = PBXBuildFile; fileRef = D9D17A8F20367116005FD6F1 /* FeedManager.swift */; };
/* End PBXBuildFile section */

/* Begin PBXContainerItemProxy section */
		D96F63EF20C6C4AF00EC21BF /* PBXContainerItemProxy */ = {
			isa = PBXContainerItemProxy;
			containerPortal = D97F5B982030EAC1004506B1 /* Project object */;
			proxyType = 1;
			remoteGlobalIDString = D96F63E620C6C4AF00EC21BF;
			remoteInfo = TestAction;
		};
/* End PBXContainerItemProxy section */

/* Begin PBXCopyFilesBuildPhase section */
		D96F63F520C6C4AF00EC21BF /* Embed App Extensions */ = {
			isa = PBXCopyFilesBuildPhase;
			buildActionMask = 2147483647;
			dstPath = "";
			dstSubfolderSpec = 13;
			files = (
				D96F63F120C6C4AF00EC21BF /* TestAction.appex in Embed App Extensions */,
			);
			name = "Embed App Extensions";
			runOnlyForDeploymentPostprocessing = 0;
		};
/* End PBXCopyFilesBuildPhase section */

/* Begin PBXFileReference section */
		1DD72A2A33DCC7947EC63625 /* Pods-Podcast.debug.xcconfig */ = {isa = PBXFileReference; includeInIndex = 1; lastKnownFileType = text.xcconfig; name = "Pods-Podcast.debug.xcconfig"; path = "Pods/Target Support Files/Pods-Podcast/Pods-Podcast.debug.xcconfig"; sourceTree = "<group>"; };
		3B980C20832697C4A15EECF9 /* Pods_Podcast.framework */ = {isa = PBXFileReference; explicitFileType = wrapper.framework; includeInIndex = 0; path = Pods_Podcast.framework; sourceTree = BUILT_PRODUCTS_DIR; };
		53F74D1F390F3CA028915B47 /* Pods-Podcast.release.xcconfig */ = {isa = PBXFileReference; includeInIndex = 1; lastKnownFileType = text.xcconfig; name = "Pods-Podcast.release.xcconfig"; path = "Pods/Target Support Files/Pods-Podcast/Pods-Podcast.release.xcconfig"; sourceTree = "<group>"; };
		D902B84B2030EF800031B6F1 /* RequestManager.swift */ = {isa = PBXFileReference; lastKnownFileType = sourcecode.swift; path = RequestManager.swift; sourceTree = "<group>"; };
		D902B84D2030F0230031B6F1 /* iTunesClient.swift */ = {isa = PBXFileReference; lastKnownFileType = sourcecode.swift; path = iTunesClient.swift; sourceTree = "<group>"; };
		D902B84F2030F0A70031B6F1 /* RequestManager+Constants.swift */ = {isa = PBXFileReference; lastKnownFileType = sourcecode.swift; path = "RequestManager+Constants.swift"; sourceTree = "<group>"; };
		D902B8522030FE200031B6F1 /* Podcast.swift */ = {isa = PBXFileReference; lastKnownFileType = sourcecode.swift; path = Podcast.swift; sourceTree = "<group>"; };
		D902B8742031046A0031B6F1 /* GCDBlackBox.swift */ = {isa = PBXFileReference; fileEncoding = 4; lastKnownFileType = sourcecode.swift; path = GCDBlackBox.swift; sourceTree = "<group>"; };
		D902B87720313B1F0031B6F1 /* PodcastDetailViewController.swift */ = {isa = PBXFileReference; lastKnownFileType = sourcecode.swift; path = PodcastDetailViewController.swift; sourceTree = "<group>"; };
		D908546C20D09A8E00EDD3B2 /* PodcastColumnFlowLayout.swift */ = {isa = PBXFileReference; lastKnownFileType = sourcecode.swift; path = PodcastColumnFlowLayout.swift; sourceTree = "<group>"; };
		D908546E20D09DE100EDD3B2 /* SubscriptionPillCell.swift */ = {isa = PBXFileReference; lastKnownFileType = sourcecode.swift; path = SubscriptionPillCell.swift; sourceTree = "<group>"; };
		D93E42CB20327995003B85EB /* RealmDBController.swift */ = {isa = PBXFileReference; lastKnownFileType = sourcecode.swift; path = RealmDBController.swift; sourceTree = "<group>"; };
		D94543312048DC2600B8F585 /* MediaPlayer.swift */ = {isa = PBXFileReference; lastKnownFileType = sourcecode.swift; path = MediaPlayer.swift; sourceTree = "<group>"; };
		D949BE612033B683003D5989 /* PodcastCell.swift */ = {isa = PBXFileReference; lastKnownFileType = sourcecode.swift; path = PodcastCell.swift; sourceTree = "<group>"; };
		D949BE642033B77E003D5989 /* NSData+imageFormat.swift */ = {isa = PBXFileReference; lastKnownFileType = sourcecode.swift; path = "NSData+imageFormat.swift"; sourceTree = "<group>"; };
		D956EB9B209E2DEA00DCA0C7 /* AudioPlayer.swift */ = {isa = PBXFileReference; lastKnownFileType = sourcecode.swift; path = AudioPlayer.swift; sourceTree = "<group>"; };
		D95D25DB203CFB75004F511C /* Constants.swift */ = {isa = PBXFileReference; lastKnownFileType = sourcecode.swift; path = Constants.swift; sourceTree = "<group>"; };
		D95D25DD203D055D004F511C /* EpisodeDetailViewController.swift */ = {isa = PBXFileReference; lastKnownFileType = sourcecode.swift; path = EpisodeDetailViewController.swift; sourceTree = "<group>"; };
		D9693B80208255DC002737ED /* TypingThrottler.swift */ = {isa = PBXFileReference; lastKnownFileType = sourcecode.swift; path = TypingThrottler.swift; sourceTree = "<group>"; };
		D9693B822083FA5A002737ED /* Downloader.swift */ = {isa = PBXFileReference; lastKnownFileType = sourcecode.swift; path = Downloader.swift; sourceTree = "<group>"; };
		D9693B842083FFBF002737ED /* String+URL.swift */ = {isa = PBXFileReference; lastKnownFileType = sourcecode.swift; path = "String+URL.swift"; sourceTree = "<group>"; };
		D96F63E720C6C4AF00EC21BF /* TestAction.appex */ = {isa = PBXFileReference; explicitFileType = "wrapper.app-extension"; includeInIndex = 0; path = TestAction.appex; sourceTree = BUILT_PRODUCTS_DIR; };
		D96F63E920C6C4AF00EC21BF /* ActionViewController.swift */ = {isa = PBXFileReference; lastKnownFileType = sourcecode.swift; path = ActionViewController.swift; sourceTree = "<group>"; };
		D96F63EC20C6C4AF00EC21BF /* Base */ = {isa = PBXFileReference; lastKnownFileType = file.storyboard; name = Base; path = Base.lproj/MainInterface.storyboard; sourceTree = "<group>"; };
		D96F63EE20C6C4AF00EC21BF /* Info.plist */ = {isa = PBXFileReference; lastKnownFileType = text.plist.xml; path = Info.plist; sourceTree = "<group>"; };
		D97F5BA02030EAC1004506B1 /* Podcast.app */ = {isa = PBXFileReference; explicitFileType = wrapper.application; includeInIndex = 0; path = Podcast.app; sourceTree = BUILT_PRODUCTS_DIR; };
		D97F5BA32030EAC1004506B1 /* AppDelegate.swift */ = {isa = PBXFileReference; lastKnownFileType = sourcecode.swift; path = AppDelegate.swift; sourceTree = "<group>"; };
		D97F5BA52030EAC1004506B1 /* SubscriptionView.swift */ = {isa = PBXFileReference; lastKnownFileType = sourcecode.swift; path = SubscriptionView.swift; sourceTree = "<group>"; };
		D97F5BA82030EAC1004506B1 /* Base */ = {isa = PBXFileReference; lastKnownFileType = file.storyboard; name = Base; path = Base.lproj/Main.storyboard; sourceTree = "<group>"; };
		D97F5BAA2030EAC1004506B1 /* Assets.xcassets */ = {isa = PBXFileReference; lastKnownFileType = folder.assetcatalog; path = Assets.xcassets; sourceTree = "<group>"; };
		D97F5BAD2030EAC1004506B1 /* Base */ = {isa = PBXFileReference; lastKnownFileType = file.storyboard; name = Base; path = Base.lproj/LaunchScreen.storyboard; sourceTree = "<group>"; };
		D97F5BAF2030EAC1004506B1 /* Info.plist */ = {isa = PBXFileReference; lastKnownFileType = text.plist.xml; path = Info.plist; sourceTree = "<group>"; };
		D97F5BB52030EC34004506B1 /* SearchViewController.swift */ = {isa = PBXFileReference; lastKnownFileType = sourcecode.swift; path = SearchViewController.swift; sourceTree = "<group>"; };
		D999B5A920D584F900E20076 /* SubscriptionArtCell.swift */ = {isa = PBXFileReference; lastKnownFileType = sourcecode.swift; path = SubscriptionArtCell.swift; sourceTree = "<group>"; };
		D999B5AB20D5853F00E20076 /* SubscriptionBaseCell.swift */ = {isa = PBXFileReference; lastKnownFileType = sourcecode.swift; path = SubscriptionBaseCell.swift; sourceTree = "<group>"; };
		D999B5AE20D5DCEA00E20076 /* MiniBarPlayerViewController.swift */ = {isa = PBXFileReference; lastKnownFileType = sourcecode.swift; path = MiniBarPlayerViewController.swift; sourceTree = "<group>"; };
		D999B5B020D5E4C600E20076 /* CALayer+Border.swift */ = {isa = PBXFileReference; lastKnownFileType = sourcecode.swift; path = "CALayer+Border.swift"; sourceTree = "<group>"; };
		D999B5B220D5E65400E20076 /* ImageView+Style.swift */ = {isa = PBXFileReference; lastKnownFileType = sourcecode.swift; path = "ImageView+Style.swift"; sourceTree = "<group>"; };
		D9A3993520A1216C00766127 /* AVPlayer+TimeProvider.swift */ = {isa = PBXFileReference; lastKnownFileType = sourcecode.swift; path = "AVPlayer+TimeProvider.swift"; sourceTree = "<group>"; };
		D9D17A8C20366E37005FD6F1 /* Episode.swift */ = {isa = PBXFileReference; lastKnownFileType = sourcecode.swift; path = Episode.swift; sourceTree = "<group>"; };
		D9D17A8F20367116005FD6F1 /* FeedManager.swift */ = {isa = PBXFileReference; lastKnownFileType = sourcecode.swift; path = FeedManager.swift; sourceTree = "<group>"; };
/* End PBXFileReference section */

/* Begin PBXFrameworksBuildPhase section */
		D96F63E420C6C4AF00EC21BF /* Frameworks */ = {
			isa = PBXFrameworksBuildPhase;
			buildActionMask = 2147483647;
			files = (
			);
			runOnlyForDeploymentPostprocessing = 0;
		};
		D97F5B9D2030EAC1004506B1 /* Frameworks */ = {
			isa = PBXFrameworksBuildPhase;
			buildActionMask = 2147483647;
			files = (
				842515802A7849A3E5A3AF52 /* Pods_Podcast.framework in Frameworks */,
			);
			runOnlyForDeploymentPostprocessing = 0;
		};
/* End PBXFrameworksBuildPhase section */

/* Begin PBXGroup section */
		1D160501AE6C9279AC91FDB7 /* Pods */ = {
			isa = PBXGroup;
			children = (
				1DD72A2A33DCC7947EC63625 /* Pods-Podcast.debug.xcconfig */,
				53F74D1F390F3CA028915B47 /* Pods-Podcast.release.xcconfig */,
			);
			name = Pods;
			sourceTree = "<group>";
		};
		7F40EE872F267A36E1A177CA /* Frameworks */ = {
			isa = PBXGroup;
			children = (
				3B980C20832697C4A15EECF9 /* Pods_Podcast.framework */,
			);
			name = Frameworks;
			sourceTree = "<group>";
		};
		D902B84A2030EE990031B6F1 /* Network */ = {
			isa = PBXGroup;
			children = (
				D902B84F2030F0A70031B6F1 /* RequestManager+Constants.swift */,
				D902B84B2030EF800031B6F1 /* RequestManager.swift */,
				D902B84D2030F0230031B6F1 /* iTunesClient.swift */,
				D9D17A8F20367116005FD6F1 /* FeedManager.swift */,
				D9693B822083FA5A002737ED /* Downloader.swift */,
			);
			path = Network;
			sourceTree = "<group>";
		};
		D902B8512030FE0C0031B6F1 /* Models */ = {
			isa = PBXGroup;
			children = (
				D902B8522030FE200031B6F1 /* Podcast.swift */,
				D93E42CB20327995003B85EB /* RealmDBController.swift */,
				D9D17A8C20366E37005FD6F1 /* Episode.swift */,
			);
			path = Models;
			sourceTree = "<group>";
		};
		D902B87620313AFB0031B6F1 /* Views */ = {
			isa = PBXGroup;
			children = (
				D999B5AD20D5CB8D00E20076 /* SearchView */,
				D908546B20D09A6800EDD3B2 /* SubscriptionView */,
				D902B87720313B1F0031B6F1 /* PodcastDetailViewController.swift */,
				D949BE612033B683003D5989 /* PodcastCell.swift */,
				D95D25DD203D055D004F511C /* EpisodeDetailViewController.swift */,
				D999B5AE20D5DCEA00E20076 /* MiniBarPlayerViewController.swift */,
			);
			path = Views;
			sourceTree = "<group>";
		};
		D908546B20D09A6800EDD3B2 /* SubscriptionView */ = {
			isa = PBXGroup;
			children = (
				D97F5BA52030EAC1004506B1 /* SubscriptionView.swift */,
				D908546C20D09A8E00EDD3B2 /* PodcastColumnFlowLayout.swift */,
				D908546E20D09DE100EDD3B2 /* SubscriptionPillCell.swift */,
				D999B5A920D584F900E20076 /* SubscriptionArtCell.swift */,
				D999B5AB20D5853F00E20076 /* SubscriptionBaseCell.swift */,
			);
			path = SubscriptionView;
			sourceTree = "<group>";
		};
		D949BE632033B75F003D5989 /* Extensions */ = {
			isa = PBXGroup;
			children = (
				D949BE642033B77E003D5989 /* NSData+imageFormat.swift */,
				D9693B842083FFBF002737ED /* String+URL.swift */,
				D9A3993520A1216C00766127 /* AVPlayer+TimeProvider.swift */,
				D999B5B020D5E4C600E20076 /* CALayer+Border.swift */,
				D999B5B220D5E65400E20076 /* ImageView+Style.swift */,
			);
			path = Extensions;
			sourceTree = "<group>";
		};
		D956EB9A209E2DD900DCA0C7 /* Audio */ = {
			isa = PBXGroup;
			children = (
				D956EB9B209E2DEA00DCA0C7 /* AudioPlayer.swift */,
			);
			path = Audio;
			sourceTree = "<group>";
		};
		D95D25DA203CFB66004F511C /* Utils */ = {
			isa = PBXGroup;
			children = (
				D95D25DB203CFB75004F511C /* Constants.swift */,
				D94543312048DC2600B8F585 /* MediaPlayer.swift */,
				D9693B80208255DC002737ED /* TypingThrottler.swift */,
			);
			path = Utils;
			sourceTree = "<group>";
		};
		D96F63E820C6C4AF00EC21BF /* TestAction */ = {
			isa = PBXGroup;
			children = (
				D96F63E920C6C4AF00EC21BF /* ActionViewController.swift */,
				D96F63EB20C6C4AF00EC21BF /* MainInterface.storyboard */,
				D96F63EE20C6C4AF00EC21BF /* Info.plist */,
			);
			path = TestAction;
			sourceTree = "<group>";
		};
		D97F5B972030EAC1004506B1 = {
			isa = PBXGroup;
			children = (
				D97F5BA22030EAC1004506B1 /* Podcast */,
				D96F63E820C6C4AF00EC21BF /* TestAction */,
				D97F5BA12030EAC1004506B1 /* Products */,
				1D160501AE6C9279AC91FDB7 /* Pods */,
				7F40EE872F267A36E1A177CA /* Frameworks */,
			);
			sourceTree = "<group>";
		};
		D97F5BA12030EAC1004506B1 /* Products */ = {
			isa = PBXGroup;
			children = (
				D97F5BA02030EAC1004506B1 /* Podcast.app */,
				D96F63E720C6C4AF00EC21BF /* TestAction.appex */,
			);
			name = Products;
			sourceTree = "<group>";
		};
		D97F5BA22030EAC1004506B1 /* Podcast */ = {
			isa = PBXGroup;
			children = (
				D956EB9A209E2DD900DCA0C7 /* Audio */,
				D97F5BA32030EAC1004506B1 /* AppDelegate.swift */,
				D902B8742031046A0031B6F1 /* GCDBlackBox.swift */,
				D902B87620313AFB0031B6F1 /* Views */,
				D902B8512030FE0C0031B6F1 /* Models */,
				D902B84A2030EE990031B6F1 /* Network */,
				D949BE632033B75F003D5989 /* Extensions */,
				D95D25DA203CFB66004F511C /* Utils */,
				D97F5BA72030EAC1004506B1 /* Main.storyboard */,
				D97F5BAA2030EAC1004506B1 /* Assets.xcassets */,
				D97F5BAC2030EAC1004506B1 /* LaunchScreen.storyboard */,
				D97F5BAF2030EAC1004506B1 /* Info.plist */,
			);
			path = Podcast;
			sourceTree = "<group>";
		};
		D999B5AD20D5CB8D00E20076 /* SearchView */ = {
			isa = PBXGroup;
			children = (
				D97F5BB52030EC34004506B1 /* SearchViewController.swift */,
			);
			path = SearchView;
			sourceTree = "<group>";
		};
/* End PBXGroup section */

/* Begin PBXNativeTarget section */
		D96F63E620C6C4AF00EC21BF /* TestAction */ = {
			isa = PBXNativeTarget;
			buildConfigurationList = D96F63F420C6C4AF00EC21BF /* Build configuration list for PBXNativeTarget "TestAction" */;
			buildPhases = (
				D96F63E320C6C4AF00EC21BF /* Sources */,
				D96F63E420C6C4AF00EC21BF /* Frameworks */,
				D96F63E520C6C4AF00EC21BF /* Resources */,
			);
			buildRules = (
			);
			dependencies = (
			);
			name = TestAction;
			productName = TestAction;
			productReference = D96F63E720C6C4AF00EC21BF /* TestAction.appex */;
			productType = "com.apple.product-type.app-extension";
		};
		D97F5B9F2030EAC1004506B1 /* Podcast */ = {
			isa = PBXNativeTarget;
			buildConfigurationList = D97F5BB22030EAC1004506B1 /* Build configuration list for PBXNativeTarget "Podcast" */;
			buildPhases = (
				540F26864BBFC41F6F1E9C44 /* [CP] Check Pods Manifest.lock */,
				D97F5B9C2030EAC1004506B1 /* Sources */,
				D97F5B9D2030EAC1004506B1 /* Frameworks */,
				D97F5B9E2030EAC1004506B1 /* Resources */,
				801E1B4FF2E1BC5D94AC5D95 /* [CP] Embed Pods Frameworks */,
				3F9A7414D8267C97FC6FD17F /* [CP] Copy Pods Resources */,
				D96F63F520C6C4AF00EC21BF /* Embed App Extensions */,
			);
			buildRules = (
			);
			dependencies = (
				D96F63F020C6C4AF00EC21BF /* PBXTargetDependency */,
			);
			name = Podcast;
			productName = Podcast;
			productReference = D97F5BA02030EAC1004506B1 /* Podcast.app */;
			productType = "com.apple.product-type.application";
		};
/* End PBXNativeTarget section */

/* Begin PBXProject section */
		D97F5B982030EAC1004506B1 /* Project object */ = {
			isa = PBXProject;
			attributes = {
				LastSwiftUpdateCheck = 1000;
				LastUpgradeCheck = 0920;
				ORGANIZATIONNAME = "Austin Tooley";
				TargetAttributes = {
					D96F63E620C6C4AF00EC21BF = {
						CreatedOnToolsVersion = 10.0;
						ProvisioningStyle = Automatic;
					};
					D97F5B9F2030EAC1004506B1 = {
						CreatedOnToolsVersion = 9.2;
						ProvisioningStyle = Automatic;
						SystemCapabilities = {
							com.apple.BackgroundModes = {
								enabled = 1;
							};
						};
					};
				};
			};
			buildConfigurationList = D97F5B9B2030EAC1004506B1 /* Build configuration list for PBXProject "Podcast" */;
			compatibilityVersion = "Xcode 8.0";
			developmentRegion = en;
			hasScannedForEncodings = 0;
			knownRegions = (
				en,
				Base,
			);
			mainGroup = D97F5B972030EAC1004506B1;
			productRefGroup = D97F5BA12030EAC1004506B1 /* Products */;
			projectDirPath = "";
			projectRoot = "";
			targets = (
				D97F5B9F2030EAC1004506B1 /* Podcast */,
				D96F63E620C6C4AF00EC21BF /* TestAction */,
			);
		};
/* End PBXProject section */

/* Begin PBXResourcesBuildPhase section */
		D96F63E520C6C4AF00EC21BF /* Resources */ = {
			isa = PBXResourcesBuildPhase;
			buildActionMask = 2147483647;
			files = (
				D96F63ED20C6C4AF00EC21BF /* MainInterface.storyboard in Resources */,
			);
			runOnlyForDeploymentPostprocessing = 0;
		};
		D97F5B9E2030EAC1004506B1 /* Resources */ = {
			isa = PBXResourcesBuildPhase;
			buildActionMask = 2147483647;
			files = (
				D97F5BAE2030EAC1004506B1 /* LaunchScreen.storyboard in Resources */,
				D97F5BAB2030EAC1004506B1 /* Assets.xcassets in Resources */,
				D97F5BA92030EAC1004506B1 /* Main.storyboard in Resources */,
			);
			runOnlyForDeploymentPostprocessing = 0;
		};
/* End PBXResourcesBuildPhase section */

/* Begin PBXShellScriptBuildPhase section */
		3F9A7414D8267C97FC6FD17F /* [CP] Copy Pods Resources */ = {
			isa = PBXShellScriptBuildPhase;
			buildActionMask = 2147483647;
			files = (
			);
			inputPaths = (
			);
			name = "[CP] Copy Pods Resources";
			outputPaths = (
			);
			runOnlyForDeploymentPostprocessing = 0;
			shellPath = /bin/sh;
			shellScript = "\"${SRCROOT}/Pods/Target Support Files/Pods-Podcast/Pods-Podcast-resources.sh\"\n";
			showEnvVarsInLog = 0;
		};
		540F26864BBFC41F6F1E9C44 /* [CP] Check Pods Manifest.lock */ = {
			isa = PBXShellScriptBuildPhase;
			buildActionMask = 2147483647;
			files = (
			);
			inputPaths = (
				"${PODS_PODFILE_DIR_PATH}/Podfile.lock",
				"${PODS_ROOT}/Manifest.lock",
			);
			name = "[CP] Check Pods Manifest.lock";
			outputPaths = (
				"$(DERIVED_FILE_DIR)/Pods-Podcast-checkManifestLockResult.txt",
			);
			runOnlyForDeploymentPostprocessing = 0;
			shellPath = /bin/sh;
			shellScript = "diff \"${PODS_PODFILE_DIR_PATH}/Podfile.lock\" \"${PODS_ROOT}/Manifest.lock\" > /dev/null\nif [ $? != 0 ] ; then\n    # print error to STDERR\n    echo \"error: The sandbox is not in sync with the Podfile.lock. Run 'pod install' or update your CocoaPods installation.\" >&2\n    exit 1\nfi\n# This output is used by Xcode 'outputs' to avoid re-running this script phase.\necho \"SUCCESS\" > \"${SCRIPT_OUTPUT_FILE_0}\"\n";
			showEnvVarsInLog = 0;
		};
		801E1B4FF2E1BC5D94AC5D95 /* [CP] Embed Pods Frameworks */ = {
			isa = PBXShellScriptBuildPhase;
			buildActionMask = 2147483647;
			files = (
			);
			inputPaths = (
				"${SRCROOT}/Pods/Target Support Files/Pods-Podcast/Pods-Podcast-frameworks.sh",
				"${BUILT_PRODUCTS_DIR}/Alamofire/Alamofire.framework",
				"${BUILT_PRODUCTS_DIR}/FeedKit/FeedKit.framework",
				"${BUILT_PRODUCTS_DIR}/Realm/Realm.framework",
				"${BUILT_PRODUCTS_DIR}/RealmSwift/RealmSwift.framework",
				"${BUILT_PRODUCTS_DIR}/SDWebImage/SDWebImage.framework",
			);
			name = "[CP] Embed Pods Frameworks";
			outputPaths = (
				"${TARGET_BUILD_DIR}/${FRAMEWORKS_FOLDER_PATH}/Alamofire.framework",
				"${TARGET_BUILD_DIR}/${FRAMEWORKS_FOLDER_PATH}/FeedKit.framework",
				"${TARGET_BUILD_DIR}/${FRAMEWORKS_FOLDER_PATH}/Realm.framework",
				"${TARGET_BUILD_DIR}/${FRAMEWORKS_FOLDER_PATH}/RealmSwift.framework",
				"${TARGET_BUILD_DIR}/${FRAMEWORKS_FOLDER_PATH}/SDWebImage.framework",
			);
			runOnlyForDeploymentPostprocessing = 0;
			shellPath = /bin/sh;
			shellScript = "\"${SRCROOT}/Pods/Target Support Files/Pods-Podcast/Pods-Podcast-frameworks.sh\"\n";
			showEnvVarsInLog = 0;
		};
/* End PBXShellScriptBuildPhase section */

/* Begin PBXSourcesBuildPhase section */
		D96F63E320C6C4AF00EC21BF /* Sources */ = {
			isa = PBXSourcesBuildPhase;
			buildActionMask = 2147483647;
			files = (
				D96F63EA20C6C4AF00EC21BF /* ActionViewController.swift in Sources */,
			);
			runOnlyForDeploymentPostprocessing = 0;
		};
		D97F5B9C2030EAC1004506B1 /* Sources */ = {
			isa = PBXSourcesBuildPhase;
			buildActionMask = 2147483647;
			files = (
				D9693B852083FFBF002737ED /* String+URL.swift in Sources */,
				D902B8752031046A0031B6F1 /* GCDBlackBox.swift in Sources */,
				D999B5AF20D5DCEA00E20076 /* MiniBarPlayerViewController.swift in Sources */,
				D949BE652033B77E003D5989 /* NSData+imageFormat.swift in Sources */,
				D999B5AC20D5853F00E20076 /* SubscriptionBaseCell.swift in Sources */,
				D94543322048DC2600B8F585 /* MediaPlayer.swift in Sources */,
				D9693B81208255DC002737ED /* TypingThrottler.swift in Sources */,
				D97F5BB62030EC34004506B1 /* SearchViewController.swift in Sources */,
				D902B8532030FE200031B6F1 /* Podcast.swift in Sources */,
				D93E42CC20327995003B85EB /* RealmDBController.swift in Sources */,
				D908546F20D09DE100EDD3B2 /* SubscriptionPillCell.swift in Sources */,
				D95D25DE203D055D004F511C /* EpisodeDetailViewController.swift in Sources */,
				D95D25DC203CFB75004F511C /* Constants.swift in Sources */,
				D999B5B320D5E65400E20076 /* ImageView+Style.swift in Sources */,
				D97F5BA62030EAC1004506B1 /* SubscriptionView.swift in Sources */,
				D9693B832083FA5A002737ED /* Downloader.swift in Sources */,
				D902B87820313B1F0031B6F1 /* PodcastDetailViewController.swift in Sources */,
				D9D17A8D20366E37005FD6F1 /* Episode.swift in Sources */,
				D999B5B120D5E4C600E20076 /* CALayer+Border.swift in Sources */,
				D97F5BA42030EAC1004506B1 /* AppDelegate.swift in Sources */,
				D902B84E2030F0240031B6F1 /* iTunesClient.swift in Sources */,
				D949BE622033B683003D5989 /* PodcastCell.swift in Sources */,
				D908546D20D09A8E00EDD3B2 /* PodcastColumnFlowLayout.swift in Sources */,
				D9A3993620A1216C00766127 /* AVPlayer+TimeProvider.swift in Sources */,
				D9D17A9020367116005FD6F1 /* FeedManager.swift in Sources */,
				D902B84C2030EF800031B6F1 /* RequestManager.swift in Sources */,
				D999B5AA20D584F900E20076 /* SubscriptionArtCell.swift in Sources */,
				D902B8502030F0A70031B6F1 /* RequestManager+Constants.swift in Sources */,
				D956EB9C209E2DEA00DCA0C7 /* AudioPlayer.swift in Sources */,
			);
			runOnlyForDeploymentPostprocessing = 0;
		};
/* End PBXSourcesBuildPhase section */

/* Begin PBXTargetDependency section */
		D96F63F020C6C4AF00EC21BF /* PBXTargetDependency */ = {
			isa = PBXTargetDependency;
			target = D96F63E620C6C4AF00EC21BF /* TestAction */;
			targetProxy = D96F63EF20C6C4AF00EC21BF /* PBXContainerItemProxy */;
		};
/* End PBXTargetDependency section */

/* Begin PBXVariantGroup section */
		D96F63EB20C6C4AF00EC21BF /* MainInterface.storyboard */ = {
			isa = PBXVariantGroup;
			children = (
				D96F63EC20C6C4AF00EC21BF /* Base */,
			);
			name = MainInterface.storyboard;
			sourceTree = "<group>";
		};
		D97F5BA72030EAC1004506B1 /* Main.storyboard */ = {
			isa = PBXVariantGroup;
			children = (
				D97F5BA82030EAC1004506B1 /* Base */,
			);
			name = Main.storyboard;
			sourceTree = "<group>";
		};
		D97F5BAC2030EAC1004506B1 /* LaunchScreen.storyboard */ = {
			isa = PBXVariantGroup;
			children = (
				D97F5BAD2030EAC1004506B1 /* Base */,
			);
			name = LaunchScreen.storyboard;
			sourceTree = "<group>";
		};
/* End PBXVariantGroup section */

/* Begin XCBuildConfiguration section */
		D96F63F220C6C4AF00EC21BF /* Debug */ = {
			isa = XCBuildConfiguration;
			buildSettings = {
				CLANG_ENABLE_OBJC_WEAK = YES;
				CLANG_WARN_DEPRECATED_OBJC_IMPLEMENTATIONS = YES;
				CLANG_WARN_OBJC_IMPLICIT_RETAIN_SELF = YES;
				CODE_SIGN_STYLE = Automatic;
				DEVELOPMENT_TEAM = 5WNNJW9ZPQ;
				INFOPLIST_FILE = TestAction/Info.plist;
				IPHONEOS_DEPLOYMENT_TARGET = 12.0;
				LD_RUNPATH_SEARCH_PATHS = "$(inherited) @executable_path/Frameworks @executable_path/../../Frameworks";
				MTL_ENABLE_DEBUG_INFO = INCLUDE_SOURCE;
				PRODUCT_BUNDLE_IDENTIFIER = com.tooley.Podcast.TestAction;
				PRODUCT_NAME = "$(TARGET_NAME)";
				SKIP_INSTALL = YES;
				SWIFT_VERSION = 4.2;
				TARGETED_DEVICE_FAMILY = "1,2";
			};
			name = Debug;
		};
		D96F63F320C6C4AF00EC21BF /* Release */ = {
			isa = XCBuildConfiguration;
			buildSettings = {
				CLANG_ENABLE_OBJC_WEAK = YES;
				CLANG_WARN_DEPRECATED_OBJC_IMPLEMENTATIONS = YES;
				CLANG_WARN_OBJC_IMPLICIT_RETAIN_SELF = YES;
				CODE_SIGN_STYLE = Automatic;
				DEVELOPMENT_TEAM = 5WNNJW9ZPQ;
				INFOPLIST_FILE = TestAction/Info.plist;
				IPHONEOS_DEPLOYMENT_TARGET = 12.0;
				LD_RUNPATH_SEARCH_PATHS = "$(inherited) @executable_path/Frameworks @executable_path/../../Frameworks";
				PRODUCT_BUNDLE_IDENTIFIER = com.tooley.Podcast.TestAction;
				PRODUCT_NAME = "$(TARGET_NAME)";
				SKIP_INSTALL = YES;
				SWIFT_VERSION = 4.2;
				TARGETED_DEVICE_FAMILY = "1,2";
			};
			name = Release;
		};
		D97F5BB02030EAC1004506B1 /* Debug */ = {
			isa = XCBuildConfiguration;
			buildSettings = {
				ALWAYS_SEARCH_USER_PATHS = NO;
				CLANG_ANALYZER_NONNULL = YES;
				CLANG_ANALYZER_NUMBER_OBJECT_CONVERSION = YES_AGGRESSIVE;
				CLANG_CXX_LANGUAGE_STANDARD = "gnu++14";
				CLANG_CXX_LIBRARY = "libc++";
				CLANG_ENABLE_MODULES = YES;
				CLANG_ENABLE_OBJC_ARC = YES;
				CLANG_WARN_BLOCK_CAPTURE_AUTORELEASING = YES;
				CLANG_WARN_BOOL_CONVERSION = YES;
				CLANG_WARN_COMMA = YES;
				CLANG_WARN_CONSTANT_CONVERSION = YES;
				CLANG_WARN_DIRECT_OBJC_ISA_USAGE = YES_ERROR;
				CLANG_WARN_DOCUMENTATION_COMMENTS = YES;
				CLANG_WARN_EMPTY_BODY = YES;
				CLANG_WARN_ENUM_CONVERSION = YES;
				CLANG_WARN_INFINITE_RECURSION = YES;
				CLANG_WARN_INT_CONVERSION = YES;
				CLANG_WARN_NON_LITERAL_NULL_CONVERSION = YES;
				CLANG_WARN_OBJC_LITERAL_CONVERSION = YES;
				CLANG_WARN_OBJC_ROOT_CLASS = YES_ERROR;
				CLANG_WARN_RANGE_LOOP_ANALYSIS = YES;
				CLANG_WARN_STRICT_PROTOTYPES = YES;
				CLANG_WARN_SUSPICIOUS_MOVE = YES;
				CLANG_WARN_UNGUARDED_AVAILABILITY = YES_AGGRESSIVE;
				CLANG_WARN_UNREACHABLE_CODE = YES;
				CLANG_WARN__DUPLICATE_METHOD_MATCH = YES;
				CODE_SIGN_IDENTITY = "iPhone Developer";
				COPY_PHASE_STRIP = NO;
				DEBUG_INFORMATION_FORMAT = dwarf;
				ENABLE_STRICT_OBJC_MSGSEND = YES;
				ENABLE_TESTABILITY = YES;
				GCC_C_LANGUAGE_STANDARD = gnu11;
				GCC_DYNAMIC_NO_PIC = NO;
				GCC_NO_COMMON_BLOCKS = YES;
				GCC_OPTIMIZATION_LEVEL = 0;
				GCC_PREPROCESSOR_DEFINITIONS = (
					"DEBUG=1",
					"$(inherited)",
				);
				GCC_WARN_64_TO_32_BIT_CONVERSION = YES;
				GCC_WARN_ABOUT_RETURN_TYPE = YES_ERROR;
				GCC_WARN_UNDECLARED_SELECTOR = YES;
				GCC_WARN_UNINITIALIZED_AUTOS = YES_AGGRESSIVE;
				GCC_WARN_UNUSED_FUNCTION = YES;
				GCC_WARN_UNUSED_VARIABLE = YES;
				IPHONEOS_DEPLOYMENT_TARGET = 11.2;
				MTL_ENABLE_DEBUG_INFO = YES;
				ONLY_ACTIVE_ARCH = YES;
				SDKROOT = iphoneos;
				SWIFT_ACTIVE_COMPILATION_CONDITIONS = DEBUG;
				SWIFT_OPTIMIZATION_LEVEL = "-Onone";
			};
			name = Debug;
		};
		D97F5BB12030EAC1004506B1 /* Release */ = {
			isa = XCBuildConfiguration;
			buildSettings = {
				ALWAYS_SEARCH_USER_PATHS = NO;
				CLANG_ANALYZER_NONNULL = YES;
				CLANG_ANALYZER_NUMBER_OBJECT_CONVERSION = YES_AGGRESSIVE;
				CLANG_CXX_LANGUAGE_STANDARD = "gnu++14";
				CLANG_CXX_LIBRARY = "libc++";
				CLANG_ENABLE_MODULES = YES;
				CLANG_ENABLE_OBJC_ARC = YES;
				CLANG_WARN_BLOCK_CAPTURE_AUTORELEASING = YES;
				CLANG_WARN_BOOL_CONVERSION = YES;
				CLANG_WARN_COMMA = YES;
				CLANG_WARN_CONSTANT_CONVERSION = YES;
				CLANG_WARN_DIRECT_OBJC_ISA_USAGE = YES_ERROR;
				CLANG_WARN_DOCUMENTATION_COMMENTS = YES;
				CLANG_WARN_EMPTY_BODY = YES;
				CLANG_WARN_ENUM_CONVERSION = YES;
				CLANG_WARN_INFINITE_RECURSION = YES;
				CLANG_WARN_INT_CONVERSION = YES;
				CLANG_WARN_NON_LITERAL_NULL_CONVERSION = YES;
				CLANG_WARN_OBJC_LITERAL_CONVERSION = YES;
				CLANG_WARN_OBJC_ROOT_CLASS = YES_ERROR;
				CLANG_WARN_RANGE_LOOP_ANALYSIS = YES;
				CLANG_WARN_STRICT_PROTOTYPES = YES;
				CLANG_WARN_SUSPICIOUS_MOVE = YES;
				CLANG_WARN_UNGUARDED_AVAILABILITY = YES_AGGRESSIVE;
				CLANG_WARN_UNREACHABLE_CODE = YES;
				CLANG_WARN__DUPLICATE_METHOD_MATCH = YES;
				CODE_SIGN_IDENTITY = "iPhone Developer";
				COPY_PHASE_STRIP = NO;
				DEBUG_INFORMATION_FORMAT = "dwarf-with-dsym";
				ENABLE_NS_ASSERTIONS = NO;
				ENABLE_STRICT_OBJC_MSGSEND = YES;
				GCC_C_LANGUAGE_STANDARD = gnu11;
				GCC_NO_COMMON_BLOCKS = YES;
				GCC_WARN_64_TO_32_BIT_CONVERSION = YES;
				GCC_WARN_ABOUT_RETURN_TYPE = YES_ERROR;
				GCC_WARN_UNDECLARED_SELECTOR = YES;
				GCC_WARN_UNINITIALIZED_AUTOS = YES_AGGRESSIVE;
				GCC_WARN_UNUSED_FUNCTION = YES;
				GCC_WARN_UNUSED_VARIABLE = YES;
				IPHONEOS_DEPLOYMENT_TARGET = 11.2;
				MTL_ENABLE_DEBUG_INFO = NO;
				SDKROOT = iphoneos;
				SWIFT_OPTIMIZATION_LEVEL = "-Owholemodule";
				VALIDATE_PRODUCT = YES;
			};
			name = Release;
		};
		D97F5BB32030EAC1004506B1 /* Debug */ = {
			isa = XCBuildConfiguration;
			baseConfigurationReference = 1DD72A2A33DCC7947EC63625 /* Pods-Podcast.debug.xcconfig */;
			buildSettings = {
				ALWAYS_EMBED_SWIFT_STANDARD_LIBRARIES = YES;
				ASSETCATALOG_COMPILER_APPICON_NAME = AppIcon;
				CODE_SIGN_STYLE = Automatic;
				DEVELOPMENT_TEAM = 5WNNJW9ZPQ;
				INFOPLIST_FILE = Podcast/Info.plist;
				LD_RUNPATH_SEARCH_PATHS = "$(inherited) @executable_path/Frameworks";
				PRODUCT_BUNDLE_IDENTIFIER = com.tooley.Podcast;
				PRODUCT_NAME = "$(TARGET_NAME)";
				SWIFT_VERSION = 4.0;
				TARGETED_DEVICE_FAMILY = "1,2";
			};
			name = Debug;
		};
		D97F5BB42030EAC1004506B1 /* Release */ = {
			isa = XCBuildConfiguration;
			baseConfigurationReference = 53F74D1F390F3CA028915B47 /* Pods-Podcast.release.xcconfig */;
			buildSettings = {
				ALWAYS_EMBED_SWIFT_STANDARD_LIBRARIES = YES;
				ASSETCATALOG_COMPILER_APPICON_NAME = AppIcon;
				CODE_SIGN_STYLE = Automatic;
				DEVELOPMENT_TEAM = 5WNNJW9ZPQ;
				INFOPLIST_FILE = Podcast/Info.plist;
				LD_RUNPATH_SEARCH_PATHS = "$(inherited) @executable_path/Frameworks";
				PRODUCT_BUNDLE_IDENTIFIER = com.tooley.Podcast;
				PRODUCT_NAME = "$(TARGET_NAME)";
				SWIFT_VERSION = 4.0;
				TARGETED_DEVICE_FAMILY = "1,2";
			};
			name = Release;
		};
/* End XCBuildConfiguration section */

/* Begin XCConfigurationList section */
		D96F63F420C6C4AF00EC21BF /* Build configuration list for PBXNativeTarget "TestAction" */ = {
			isa = XCConfigurationList;
			buildConfigurations = (
				D96F63F220C6C4AF00EC21BF /* Debug */,
				D96F63F320C6C4AF00EC21BF /* Release */,
			);
			defaultConfigurationIsVisible = 0;
			defaultConfigurationName = Release;
		};
		D97F5B9B2030EAC1004506B1 /* Build configuration list for PBXProject "Podcast" */ = {
			isa = XCConfigurationList;
			buildConfigurations = (
				D97F5BB02030EAC1004506B1 /* Debug */,
				D97F5BB12030EAC1004506B1 /* Release */,
			);
			defaultConfigurationIsVisible = 0;
			defaultConfigurationName = Release;
		};
		D97F5BB22030EAC1004506B1 /* Build configuration list for PBXNativeTarget "Podcast" */ = {
			isa = XCConfigurationList;
			buildConfigurations = (
				D97F5BB32030EAC1004506B1 /* Debug */,
				D97F5BB42030EAC1004506B1 /* Release */,
			);
			defaultConfigurationIsVisible = 0;
			defaultConfigurationName = Release;
		};
/* End XCConfigurationList section */
	};
	rootObject = D97F5B982030EAC1004506B1 /* Project object */;
}
